# THIS IS AN AUTOGENERATED FILE. DO NOT EDIT THIS FILE DIRECTLY.
# yarn lockfile v1


"@benchristel/taste@^0.5.0":
  version "0.5.0"
  resolved "https://registry.yarnpkg.com/@benchristel/taste/-/taste-0.5.0.tgz#c595e9937cede23feaec3081f7333e6c766073c2"
  integrity sha512-xr0QL76NohYOMG94O1Tr9N4piH3SzVztznbbZyUDZRZjivcqqUqVyBuQV/KvNUUg4dbntlMEAkidMLB9whHTIg==
